
Microsoft Visual Studio Solution File, Format Version 12.00
# Visual Studio Version 17
VisualStudioVersion = 17.4.33213.308
MinimumVisualStudioVersion = 10.0.40219.1
Project("{FAE04EC0-301F-11D3-BF4B-00C04F79EFBC}") = "RPC", "RPC_ClientAndServer\RPC.csproj", "{04277797-A7C2-4131-AECD-123A78C708B7}"
EndProject
Project("{FAE04EC0-301F-11D3-BF4B-00C04F79EFBC}") = "ClientTest", "tester\ClientTest.csproj", "{F8309A1D-6428-49D3-AC56-8250B1D70FEF}"
EndProject
Project("{FAE04EC0-301F-11D3-BF4B-00C04F79EFBC}") = "ServerTest", "ServerTest\ServerTest.csproj", "{AD8CD4A5-59E3-45C7-8D74-2F3573F30A83}"
EndProject
Global
	GlobalSection(SolutionConfigurationPlatforms) = preSolution
		Debug|Any CPU = Debug|Any CPU
		Release|Any CPU = Release|Any CPU
	EndGlobalSection
	GlobalSection(ProjectConfigurationPlatforms) = postSolution
		{04277797-A7C2-4131-AECD-123A78C708B7}.Debug|Any CPU.ActiveCfg = Debug|Any CPU
		{04277797-A7C2-4131-AECD-123A78C708B7}.Debug|Any CPU.Build.0 = Debug|Any CPU
		{04277797-A7C2-4131-AECD-123A78C708B7}.Release|Any CPU.ActiveCfg = Release|Any CPU
		{04277797-A7C2-4131-AECD-123A78C708B7}.Release|Any CPU.Build.0 = Release|Any CPU
		{F8309A1D-6428-49D3-AC56-8250B1D70FEF}.Debug|Any CPU.ActiveCfg = Debug|Any CPU
		{F8309A1D-6428-49D3-AC56-8250B1D70FEF}.Debug|Any CPU.Build.0 = Debug|Any CPU
		{F8309A1D-6428-49D3-AC56-8250B1D70FEF}.Release|Any CPU.ActiveCfg = Release|Any CPU
		{F8309A1D-6428-49D3-AC56-8250B1D70FEF}.Release|Any CPU.Build.0 = Release|Any CPU
		{AD8CD4A5-59E3-45C7-8D74-2F3573F30A83}.Debug|Any CPU.ActiveCfg = Debug|Any CPU
		{AD8CD4A5-59E3-45C7-8D74-2F3573F30A83}.Debug|Any CPU.Build.0 = Debug|Any CPU
		{AD8CD4A5-59E3-45C7-8D74-2F3573F30A83}.Release|Any CPU.ActiveCfg = Release|Any CPU
		{AD8CD4A5-59E3-45C7-8D74-2F3573F30A83}.Release|Any CPU.Build.0 = Release|Any CPU
	EndGlobalSection
	GlobalSection(SolutionProperties) = preSolution
		HideSolutionNode = FALSE
	EndGlobalSection
	GlobalSection(ExtensibilityGlobals) = postSolution
		SolutionGuid = {F5F6C730-B7D5-4B3C-A7BB-F87019A78B48}
	EndGlobalSection
EndGlobal
